Microsoft Visual Studio Solution File, Format Version 12.00
# Visual Studio Version 17
VisualStudioVersion = 17.5.2.0
MinimumVisualStudioVersion = 10.0.40219.1
Project("{FAE04EC0-301F-11D3-BF4B-00C04F79EFBC}") = "YarpProxy", "yarp-proxy\YarpProxy.csproj", "{576484F5-0EA4-438B-50C8-86419D8F14EE}"
EndProject
Global
	GlobalSection(SolutionConfigurationPlatforms) = preSolution
		Debug|Any CPU = Debug|Any CPU
		Release|Any CPU = Release|Any CPU
	EndGlobalSection
	GlobalSection(ProjectConfigurationPlatforms) = postSolution
		{576484F5-0EA4-438B-50C8-86419D8F14EE}.Debug|Any CPU.ActiveCfg = Debug|Any CPU
		{576484F5-0EA4-438B-50C8-86419D8F14EE}.Debug|Any CPU.Build.0 = Debug|Any CPU
		{576484F5-0EA4-438B-50C8-86419D8F14EE}.Release|Any CPU.ActiveCfg = Release|Any CPU
		{576484F5-0EA4-438B-50C8-86419D8F14EE}.Release|Any CPU.Build.0 = Release|Any CPU
	EndGlobalSection
	GlobalSection(SolutionProperties) = preSolution
		HideSolutionNode = FALSE
	EndGlobalSection
	GlobalSection(ExtensibilityGlobals) = postSolution
		SolutionGuid = {3C098320-91ED-42D6-B46B-34A0D9E82D6B}
	EndGlobalSection
EndGlobal
